
Microsoft Visual Studio Solution File, Format Version 12.00
# Visual Studio Version 16
VisualStudioVersion = 16.0.31005.135
MinimumVisualStudioVersion = 10.0.40219.1
Project("{FAE04EC0-301F-11D3-BF4B-00C04F79EFBC}") = "Catharsium.WhatsApp.Ui.Terminal", "Catharsium.WhatsApp.Ui.Terminal\Catharsium.WhatsApp.Ui.Terminal.csproj", "{112443C3-2CD6-4FBB-BAA6-756C4DFBFC24}"
EndProject
Project("{FAE04EC0-301F-11D3-BF4B-00C04F79EFBC}") = "Catharsium.WhatsApp.Data", "Catharsium.WhatsApp.Data\Catharsium.WhatsApp.Data.csproj", "{0B5C1444-7512-42B3-9E45-2B90DFE3CFE5}"
EndProject
Project("{FAE04EC0-301F-11D3-BF4B-00C04F79EFBC}") = "Catharsium.WhatsApp.Entities", "Catharsium.WhatsApp.Entities\Catharsium.WhatsApp.Entities.csproj", "{2CCF5AD0-E003-4C7A-B933-2267C9D77708}"
EndProject
Global
	GlobalSection(SolutionConfigurationPlatforms) = preSolution
		Debug|Any CPU = Debug|Any CPU
		Release|Any CPU = Release|Any CPU
	EndGlobalSection
	GlobalSection(ProjectConfigurationPlatforms) = postSolution
		{112443C3-2CD6-4FBB-BAA6-756C4DFBFC24}.Debug|Any CPU.ActiveCfg = Debug|Any CPU
		{112443C3-2CD6-4FBB-BAA6-756C4DFBFC24}.Debug|Any CPU.Build.0 = Debug|Any CPU
		{112443C3-2CD6-4FBB-BAA6-756C4DFBFC24}.Release|Any CPU.ActiveCfg = Release|Any CPU
		{112443C3-2CD6-4FBB-BAA6-756C4DFBFC24}.Release|Any CPU.Build.0 = Release|Any CPU
		{0B5C1444-7512-42B3-9E45-2B90DFE3CFE5}.Debug|Any CPU.ActiveCfg = Debug|Any CPU
		{0B5C1444-7512-42B3-9E45-2B90DFE3CFE5}.Debug|Any CPU.Build.0 = Debug|Any CPU
		{0B5C1444-7512-42B3-9E45-2B90DFE3CFE5}.Release|Any CPU.ActiveCfg = Release|Any CPU
		{0B5C1444-7512-42B3-9E45-2B90DFE3CFE5}.Release|Any CPU.Build.0 = Release|Any CPU
		{2CCF5AD0-E003-4C7A-B933-2267C9D77708}.Debug|Any CPU.ActiveCfg = Debug|Any CPU
		{2CCF5AD0-E003-4C7A-B933-2267C9D77708}.Debug|Any CPU.Build.0 = Debug|Any CPU
		{2CCF5AD0-E003-4C7A-B933-2267C9D77708}.Release|Any CPU.ActiveCfg = Release|Any CPU
		{2CCF5AD0-E003-4C7A-B933-2267C9D77708}.Release|Any CPU.Build.0 = Release|Any CPU
	EndGlobalSection
	GlobalSection(SolutionProperties) = preSolution
		HideSolutionNode = FALSE
	EndGlobalSection
	GlobalSection(ExtensibilityGlobals) = postSolution
		SolutionGuid = {744417CC-9D28-4F16-91FB-05C0C8382D54}
	EndGlobalSection
EndGlobal
