
Microsoft Visual Studio Solution File, Format Version 12.00
# Visual Studio Version 17
VisualStudioVersion = 17.0.31912.275
MinimumVisualStudioVersion = 10.0.40219.1
Project("{9A19103F-16F7-4668-BE54-9A1E7A4F7556}") = "Catharsium.WhatsApp.Terminal", "Catharsium.WhatsApp.Terminal\Catharsium.WhatsApp.Terminal.csproj", "{555DB708-5CA3-4F2D-A281-A80C1BFE0828}"
EndProject
Project("{9A19103F-16F7-4668-BE54-9A1E7A4F7556}") = "Catharsium.WhatsApp.Terminal.Tests", "Catharsium.WhatsApp.Terminal.Tests\Catharsium.WhatsApp.Terminal.Tests.csproj", "{50858A2C-4DD8-49F2-BC29-CA03E8781861}"
EndProject
Project("{9A19103F-16F7-4668-BE54-9A1E7A4F7556}") = "Catharsium.WhatsApp.Data", "Catharsium.WhatsApp.Data\Catharsium.WhatsApp.Data.csproj", "{9E85DE80-B07A-4786-B342-8EAB97DEF1CC}"
EndProject
Project("{9A19103F-16F7-4668-BE54-9A1E7A4F7556}") = "Catharsium.WhatsApp.Data.Tests", "Catharsium.WhatsApp.Data.Tests\Catharsium.WhatsApp.Data.Tests.csproj", "{85F5708B-7910-4233-A096-C6575422E291}"
EndProject
Project("{9A19103F-16F7-4668-BE54-9A1E7A4F7556}") = "Catharsium.WhatsApp.Entities", "Catharsium.WhatsApp.Entities\Catharsium.WhatsApp.Entities.csproj", "{CCF1D156-820B-420C-916A-4047AD261E26}"
EndProject
Project("{9A19103F-16F7-4668-BE54-9A1E7A4F7556}") = "Catharsium.WhatsApp.Entities.Tests", "Catharsium.WhatsApp.Entities.Tests\Catharsium.WhatsApp.Entities.Tests.csproj", "{A482851E-0CFB-422D-908F-CFBDD06554CF}"
EndProject
Project("{2150E333-8FDC-42A3-9474-1A3956D46DE8}") = "Solution Items", "Solution Items", "{C9B49DD8-0C6D-417F-BC82-E624C5E5CE7D}"
	ProjectSection(SolutionItems) = preProject
		..\..\..\Software\Catharsium.WhatsApp\appsettings.json = ..\..\..\Software\Catharsium.WhatsApp\appsettings.json
		.github\workflows\dotnet.yml = .github\workflows\dotnet.yml
	EndProjectSection
EndProject
Global
	GlobalSection(SolutionConfigurationPlatforms) = preSolution
		Debug|Any CPU = Debug|Any CPU
		Release|Any CPU = Release|Any CPU
	EndGlobalSection
	GlobalSection(ProjectConfigurationPlatforms) = postSolution
		{555DB708-5CA3-4F2D-A281-A80C1BFE0828}.Debug|Any CPU.ActiveCfg = Debug|Any CPU
		{555DB708-5CA3-4F2D-A281-A80C1BFE0828}.Debug|Any CPU.Build.0 = Debug|Any CPU
		{555DB708-5CA3-4F2D-A281-A80C1BFE0828}.Release|Any CPU.ActiveCfg = Release|Any CPU
		{555DB708-5CA3-4F2D-A281-A80C1BFE0828}.Release|Any CPU.Build.0 = Release|Any CPU
		{50858A2C-4DD8-49F2-BC29-CA03E8781861}.Debug|Any CPU.ActiveCfg = Debug|Any CPU
		{50858A2C-4DD8-49F2-BC29-CA03E8781861}.Debug|Any CPU.Build.0 = Debug|Any CPU
		{50858A2C-4DD8-49F2-BC29-CA03E8781861}.Release|Any CPU.ActiveCfg = Release|Any CPU
		{50858A2C-4DD8-49F2-BC29-CA03E8781861}.Release|Any CPU.Build.0 = Release|Any CPU
		{9E85DE80-B07A-4786-B342-8EAB97DEF1CC}.Debug|Any CPU.ActiveCfg = Debug|Any CPU
		{9E85DE80-B07A-4786-B342-8EAB97DEF1CC}.Debug|Any CPU.Build.0 = Debug|Any CPU
		{9E85DE80-B07A-4786-B342-8EAB97DEF1CC}.Release|Any CPU.ActiveCfg = Release|Any CPU
		{9E85DE80-B07A-4786-B342-8EAB97DEF1CC}.Release|Any CPU.Build.0 = Release|Any CPU
		{85F5708B-7910-4233-A096-C6575422E291}.Debug|Any CPU.ActiveCfg = Debug|Any CPU
		{85F5708B-7910-4233-A096-C6575422E291}.Debug|Any CPU.Build.0 = Debug|Any CPU
		{85F5708B-7910-4233-A096-C6575422E291}.Release|Any CPU.ActiveCfg = Release|Any CPU
		{85F5708B-7910-4233-A096-C6575422E291}.Release|Any CPU.Build.0 = Release|Any CPU
		{CCF1D156-820B-420C-916A-4047AD261E26}.Debug|Any CPU.ActiveCfg = Debug|Any CPU
		{CCF1D156-820B-420C-916A-4047AD261E26}.Debug|Any CPU.Build.0 = Debug|Any CPU
		{CCF1D156-820B-420C-916A-4047AD261E26}.Release|Any CPU.ActiveCfg = Release|Any CPU
		{CCF1D156-820B-420C-916A-4047AD261E26}.Release|Any CPU.Build.0 = Release|Any CPU
		{A482851E-0CFB-422D-908F-CFBDD06554CF}.Debug|Any CPU.ActiveCfg = Debug|Any CPU
		{A482851E-0CFB-422D-908F-CFBDD06554CF}.Debug|Any CPU.Build.0 = Debug|Any CPU
		{A482851E-0CFB-422D-908F-CFBDD06554CF}.Release|Any CPU.ActiveCfg = Release|Any CPU
		{A482851E-0CFB-422D-908F-CFBDD06554CF}.Release|Any CPU.Build.0 = Release|Any CPU
	EndGlobalSection
	GlobalSection(SolutionProperties) = preSolution
		HideSolutionNode = FALSE
	EndGlobalSection
	GlobalSection(ExtensibilityGlobals) = postSolution
		SolutionGuid = {3EE5C143-0BE9-43E3-A2DC-9BD153970257}
	EndGlobalSection
EndGlobal
